// !$*UTF8*$!
{
	archiveVersion = 1;
	classes = {
	};
	objectVersion = 56;
	objects = {

/* Begin PBXBuildFile section */
		A1B2C3D4E5F60718293A4B90 /* Cocoa.framework in Frameworks */ = {isa = PBXBuildFile; fileRef = A1B2C3D4E5F60718293A4B80 /* Cocoa.framework */; };
		A1B2C3D4E5F60718293A4B91 /* CoreGraphics.framework in Frameworks */ = {isa = PBXBuildFile; fileRef = A1B2C3D4E5F60718293A4B81 /* CoreGraphics.framework */; };
		A1B2C3D4E5F60718293A4B92 /* Carbon.framework in Frameworks */ = {isa = PBXBuildFile; fileRef = A1B2C3D4E5F60718293A4B82 /* Carbon.framework */; };
		A1B2C3D4E5F60718293A4B93 /* ServiceManagement.framework in Frameworks */ = {isa = PBXBuildFile; fileRef = A1B2C3D4E5F60718293A4B83 /* ServiceManagement.framework */; };
		A1B2C3D4E5F60718293A4B95 /* StoreKit.framework in Frameworks */ = {isa = PBXBuildFile; fileRef = A1B2C3D4E5F60718293A4B85 /* StoreKit.framework */; };
		A1B2C3D4E5F60718293A4D01 /* AppDelegate.swift in Sources */ = {isa = PBXBuildFile; fileRef = A1B2C3D4E5F60718293A4C01 /* AppDelegate.swift */; };
		A1B2C3D4E5F60718293A4D02 /* CaptureManager.swift in Sources */ = {isa = PBXBuildFile; fileRef = A1B2C3D4E5F60718293A4C04 /* CaptureManager.swift */; };
		A1B2C3D4E5F60718293A4D03 /* ScreenshotOverlayController.swift in Sources */ = {isa = PBXBuildFile; fileRef = A1B2C3D4E5F60718293A4C05 /* ScreenshotOverlayController.swift */; };
		A1B2C3D4E5F60718293A4D04 /* ShortcutManager.swift in Sources */ = {isa = PBXBuildFile; fileRef = A1B2C3D4E5F60718293A4C06 /* ShortcutManager.swift */; };
		A1B2C3D4E5F60718293A4D05 /* CaptureSession.swift in Sources */ = {isa = PBXBuildFile; fileRef = A1B2C3D4E5F60718293A4C07 /* CaptureSession.swift */; };
		A1B2C3D4E5F60718293A4D06 /* ClipboardService.swift in Sources */ = {isa = PBXBuildFile; fileRef = A1B2C3D4E5F60718293A4C08 /* ClipboardService.swift */; };
		A1B2C3D4E5F60718293A4D07 /* HUDService.swift in Sources */ = {isa = PBXBuildFile; fileRef = A1B2C3D4E5F60718293A4C09 /* HUDService.swift */; };
		A1B2C3D4E5F60718293A4D08 /* LaunchAtLoginService.swift in Sources */ = {isa = PBXBuildFile; fileRef = A1B2C3D4E5F60718293A4C0A /* LaunchAtLoginService.swift */; };
		A1B2C3D4E5F60718293A4D09 /* ScreenCaptureService.swift in Sources */ = {isa = PBXBuildFile; fileRef = A1B2C3D4E5F60718293A4C0B /* ScreenCaptureService.swift */; };
		A1B2C3D4E5F60718293A4D0A /* ScreenshotSaveService.swift in Sources */ = {isa = PBXBuildFile; fileRef = A1B2C3D4E5F60718293A4C0C /* ScreenshotSaveService.swift */; };
		A1B2C3D4E5F60718293A4D0B /* SettingsStore.swift in Sources */ = {isa = PBXBuildFile; fileRef = A1B2C3D4E5F60718293A4C0D /* SettingsStore.swift */; };
		A1B2C3D4E5F60718293A4D0C /* CaptureModalViewController.swift in Sources */ = {isa = PBXBuildFile; fileRef = A1B2C3D4E5F60718293A4C0E /* CaptureModalViewController.swift */; };
		A1B2C3D4E5F60718293A4D0D /* CaptureModalWindowController.swift in Sources */ = {isa = PBXBuildFile; fileRef = A1B2C3D4E5F60718293A4C0F /* CaptureModalWindowController.swift */; };
		A1B2C3D4E5F60718293A4D0E /* PromptTextView.swift in Sources */ = {isa = PBXBuildFile; fileRef = A1B2C3D4E5F60718293A4C10 /* PromptTextView.swift */; };
		A1B2C3D4E5F60718293A4D0F /* SettingsViewController.swift in Sources */ = {isa = PBXBuildFile; fileRef = A1B2C3D4E5F60718293A4C11 /* SettingsViewController.swift */; };
		A1B2C3D4E5F60718293A4D10 /* SettingsWindowController.swift in Sources */ = {isa = PBXBuildFile; fileRef = A1B2C3D4E5F60718293A4C12 /* SettingsWindowController.swift */; };
		A1B2C3D4E5F60718293A4D11 /* ShortcutRecorderView.swift in Sources */ = {isa = PBXBuildFile; fileRef = A1B2C3D4E5F60718293A4C13 /* ShortcutRecorderView.swift */; };
		A1B2C3D4E5F60718293A4D12 /* KeyCombo.swift in Sources */ = {isa = PBXBuildFile; fileRef = A1B2C3D4E5F60718293A4C14 /* KeyCombo.swift */; };
		A1B2C3D4E5F60718293A4D13 /* NSImage+PNG.swift in Sources */ = {isa = PBXBuildFile; fileRef = A1B2C3D4E5F60718293A4C15 /* NSImage+PNG.swift */; };
		A1B2C3D4E5F60718293A4D14 /* PermissionsUI.swift in Sources */ = {isa = PBXBuildFile; fileRef = A1B2C3D4E5F60718293A4C16 /* PermissionsUI.swift */; };
		A1B2C3D4E5F60718293A4D15 /* AppDetectionService.swift in Sources */ = {isa = PBXBuildFile; fileRef = A1B2C3D4E5F60718293A4C17 /* AppDetectionService.swift */; };
		A1B2C3D4E5F60718293A4D16 /* AutoPasteService.swift in Sources */ = {isa = PBXBuildFile; fileRef = A1B2C3D4E5F60718293A4C18 /* AutoPasteService.swift */; };
		A1B2C3D4E5F60718293A4D20 /* Annotation.swift in Sources */ = {isa = PBXBuildFile; fileRef = A1B2C3D4E5F60718293A4C20 /* Annotation.swift */; };
		A1B2C3D4E5F60718293A4D21 /* AnnotationCanvasView.swift in Sources */ = {isa = PBXBuildFile; fileRef = A1B2C3D4E5F60718293A4C21 /* AnnotationCanvasView.swift */; };
		A1B2C3D4E5F60718293A4D22 /* AnnotationToolbarView.swift in Sources */ = {isa = PBXBuildFile; fileRef = A1B2C3D4E5F60718293A4C22 /* AnnotationToolbarView.swift */; };
		A1B2C3D4E5F60718293A4D23 /* AnnotationRenderService.swift in Sources */ = {isa = PBXBuildFile; fileRef = A1B2C3D4E5F60718293A4C23 /* AnnotationRenderService.swift */; };
		A1B2C3D4E5F60718293A4D24 /* FocusableScrollView.swift in Sources */ = {isa = PBXBuildFile; fileRef = A1B2C3D4E5F60718293A4C24 /* FocusableScrollView.swift */; };
		A1B2C3D4E5F60718293A4D27 /* AddAppPanelController.swift in Sources */ = {isa = PBXBuildFile; fileRef = A1B2C3D4E5F60718293A4C27 /* AddAppPanelController.swift */; };
		A1B2C3D4E5F60718293A4D30 /* LocalizationManager.swift in Sources */ = {isa = PBXBuildFile; fileRef = A1B2C3D4E5F60718293A4C30 /* LocalizationManager.swift */; };
		A1B2C3D4E5F60718293A4D31 /* RoundedHoverButton.swift in Sources */ = {isa = PBXBuildFile; fileRef = A1B2C3D4E5F60718293A4C31 /* RoundedHoverButton.swift */; };
		A1B2C3D4E5F60718293A4D32 /* ScreenshotPreviewService.swift in Sources */ = {isa = PBXBuildFile; fileRef = A1B2C3D4E5F60718293A4C32 /* ScreenshotPreviewService.swift */; };
		A1B2C3D4E5F60718293A4D33 /* ScreenshotPreviewPanelController.swift in Sources */ = {isa = PBXBuildFile; fileRef = A1B2C3D4E5F60718293A4C33 /* ScreenshotPreviewPanelController.swift */; };
		A1B2C3D4E5F60718293A4D34 /* CountdownCloseButton.swift in Sources */ = {isa = PBXBuildFile; fileRef = A1B2C3D4E5F60718293A4C34 /* CountdownCloseButton.swift */; };
		A1B2C3D4E5F60718293A4D35 /* DraggableImageView.swift in Sources */ = {isa = PBXBuildFile; fileRef = A1B2C3D4E5F60718293A4C35 /* DraggableImageView.swift */; };
		A1B2C3D4E5F60718293A4D36 /* main.swift in Sources */ = {isa = PBXBuildFile; fileRef = A1B2C3D4E5F60718293A4C36 /* main.swift */; };
		A1B2C3D4E5F60718293A4D37 /* AppLog.swift in Sources */ = {isa = PBXBuildFile; fileRef = A1B2C3D4E5F60718293A4C37 /* AppLog.swift */; };
		A1B2C3D4E5F60718293A4D40 /* AppIcon.icns in Resources */ = {isa = PBXBuildFile; fileRef = A1B2C3D4E5F60718293A4C40 /* AppIcon.icns */; };
		A1B2C3D4E5F60718293A4D41 /* MenuBarIcon.png in Resources */ = {isa = PBXBuildFile; fileRef = A1B2C3D4E5F60718293A4C41 /* MenuBarIcon.png */; };
		A1B2C3D4E5F60718293A4D42 /* MenuBarIcon@2x.png in Resources */ = {isa = PBXBuildFile; fileRef = A1B2C3D4E5F60718293A4C42 /* MenuBarIcon@2x.png */; };
		A1B2C3D4E5F60718293A4D43 /* cs.lproj in Resources */ = {isa = PBXBuildFile; fileRef = A1B2C3D4E5F60718293A4C43 /* cs.lproj */; };
		A1B2C3D4E5F60718293A4D44 /* da.lproj in Resources */ = {isa = PBXBuildFile; fileRef = A1B2C3D4E5F60718293A4C44 /* da.lproj */; };
		A1B2C3D4E5F60718293A4D45 /* de.lproj in Resources */ = {isa = PBXBuildFile; fileRef = A1B2C3D4E5F60718293A4C45 /* de.lproj */; };
		A1B2C3D4E5F60718293A4D46 /* el.lproj in Resources */ = {isa = PBXBuildFile; fileRef = A1B2C3D4E5F60718293A4C46 /* el.lproj */; };
		A1B2C3D4E5F60718293A4D47 /* en.lproj in Resources */ = {isa = PBXBuildFile; fileRef = A1B2C3D4E5F60718293A4C47 /* en.lproj */; };
		A1B2C3D4E5F60718293A4D48 /* es.lproj in Resources */ = {isa = PBXBuildFile; fileRef = A1B2C3D4E5F60718293A4C48 /* es.lproj */; };
		A1B2C3D4E5F60718293A4D49 /* fi.lproj in Resources */ = {isa = PBXBuildFile; fileRef = A1B2C3D4E5F60718293A4C49 /* fi.lproj */; };
		A1B2C3D4E5F60718293A4D4A /* fr.lproj in Resources */ = {isa = PBXBuildFile; fileRef = A1B2C3D4E5F60718293A4C4A /* fr.lproj */; };
		A1B2C3D4E5F60718293A4D4B /* it.lproj in Resources */ = {isa = PBXBuildFile; fileRef = A1B2C3D4E5F60718293A4C4B /* it.lproj */; };
		A1B2C3D4E5F60718293A4D4C /* ja.lproj in Resources */ = {isa = PBXBuildFile; fileRef = A1B2C3D4E5F60718293A4C4C /* ja.lproj */; };
		A1B2C3D4E5F60718293A4D4D /* ko.lproj in Resources */ = {isa = PBXBuildFile; fileRef = A1B2C3D4E5F60718293A4C4D /* ko.lproj */; };
		A1B2C3D4E5F60718293A4D4E /* nb.lproj in Resources */ = {isa = PBXBuildFile; fileRef = A1B2C3D4E5F60718293A4C4E /* nb.lproj */; };
		A1B2C3D4E5F60718293A4D4F /* nl.lproj in Resources */ = {isa = PBXBuildFile; fileRef = A1B2C3D4E5F60718293A4C4F /* nl.lproj */; };
		A1B2C3D4E5F60718293A4D50 /* pl.lproj in Resources */ = {isa = PBXBuildFile; fileRef = A1B2C3D4E5F60718293A4C50 /* pl.lproj */; };
		A1B2C3D4E5F60718293A4D51 /* pt.lproj in Resources */ = {isa = PBXBuildFile; fileRef = A1B2C3D4E5F60718293A4C51 /* pt.lproj */; };
		A1B2C3D4E5F60718293A4D52 /* ru.lproj in Resources */ = {isa = PBXBuildFile; fileRef = A1B2C3D4E5F60718293A4C52 /* ru.lproj */; };
		A1B2C3D4E5F60718293A4D53 /* sv.lproj in Resources */ = {isa = PBXBuildFile; fileRef = A1B2C3D4E5F60718293A4C53 /* sv.lproj */; };
		A1B2C3D4E5F60718293A4D54 /* tr.lproj in Resources */ = {isa = PBXBuildFile; fileRef = A1B2C3D4E5F60718293A4C54 /* tr.lproj */; };
		A1B2C3D4E5F60718293A4D55 /* zh-Hans.lproj in Resources */ = {isa = PBXBuildFile; fileRef = A1B2C3D4E5F60718293A4C55 /* zh-Hans.lproj */; };
		A1B2C3D4E5F60718293A4D56 /* zh-Hant.lproj in Resources */ = {isa = PBXBuildFile; fileRef = A1B2C3D4E5F60718293A4C56 /* zh-Hant.lproj */; };
		A1B2C3D4E5F60718293A4D57 /* download-line.svg in Resources */ = {isa = PBXBuildFile; fileRef = A1B2C3D4E5F60718293A4C57 /* download-line.svg */; };
		A1B2C3D4E5F60718293A4D58 /* add-circle-line.svg in Resources */ = {isa = PBXBuildFile; fileRef = A1B2C3D4E5F60718293A4C58 /* add-circle-line.svg */; };
		A1B2C3D4E5F60718293A4D59 /* arrow-down-s-line.svg in Resources */ = {isa = PBXBuildFile; fileRef = A1B2C3D4E5F60718293A4C59 /* arrow-down-s-line.svg */; };
		A1B2C3D4E5F60718293A4D5A /* file-copy-line.svg in Resources */ = {isa = PBXBuildFile; fileRef = A1B2C3D4E5F60718293A4C5A /* file-copy-line.svg */; };
		A1B2C3D4E5F60718293A4D60 /* EntitlementsService.swift in Sources */ = {isa = PBXBuildFile; fileRef = A1B2C3D4E5F60718293A4C60 /* EntitlementsService.swift */; };
		A1B2C3D4E5F60718293A4D61 /* CapabilityService.swift in Sources */ = {isa = PBXBuildFile; fileRef = A1B2C3D4E5F60718293A4C61 /* CapabilityService.swift */; };
		A1B2C3D4E5F60718293A4D62 /* PurchaseService.swift in Sources */ = {isa = PBXBuildFile; fileRef = A1B2C3D4E5F60718293A4C62 /* PurchaseService.swift */; };
		A1B2C3D4E5F60718293A4D63 /* PaywallWindowController.swift in Sources */ = {isa = PBXBuildFile; fileRef = A1B2C3D4E5F60718293A4C63 /* PaywallWindowController.swift */; };
		B1B2C3D4E5F60718293AC010 /* XCTest.framework in Frameworks */ = {isa = PBXBuildFile; fileRef = B1B2C3D4E5F60718293ABE000 /* XCTest.framework */; };
		B1B2C3D4E5F60718293AC011 /* StoreKitTest.framework in Frameworks */ = {isa = PBXBuildFile; fileRef = B1B2C3D4E5F60718293ABE001 /* StoreKitTest.framework */; };
		B1B2C3D4E5F60718293AC012 /* XCTest.framework in Frameworks */ = {isa = PBXBuildFile; fileRef = B1B2C3D4E5F60718293ABE000 /* XCTest.framework */; };
		B1B2C3D4E5F60718293AC020 /* VibeCapture/Tests/VibeCaptureTests/CapabilityServiceTests.swift in Sources */ = {isa = PBXBuildFile; fileRef = B1B2C3D4E5F60718293ABC010 /* VibeCapture/Tests/VibeCaptureTests/CapabilityServiceTests.swift */; };
		B1B2C3D4E5F60718293AC021 /* VibeCapture/Tests/VibeCaptureTests/EntitlementsServiceTests.swift in Sources */ = {isa = PBXBuildFile; fileRef = B1B2C3D4E5F60718293ABC011 /* VibeCapture/Tests/VibeCaptureTests/EntitlementsServiceTests.swift */; };
		B1B2C3D4E5F60718293AC022 /* VibeCapture/Tests/VibeCaptureTests/ProStatusTests.swift in Sources */ = {isa = PBXBuildFile; fileRef = B1B2C3D4E5F60718293ABC012 /* VibeCapture/Tests/VibeCaptureTests/ProStatusTests.swift */; };
		B1B2C3D4E5F60718293AC023 /* VibeCapture/Tests/VibeCaptureTests/SettingsStoreTests.swift in Sources */ = {isa = PBXBuildFile; fileRef = B1B2C3D4E5F60718293ABC013 /* VibeCapture/Tests/VibeCaptureTests/SettingsStoreTests.swift */; };
		B1B2C3D4E5F60718293AC024 /* VibeCapture/Tests/VibeCaptureIntegrationTests/PurchaseFlowTests.swift in Sources */ = {isa = PBXBuildFile; fileRef = B1B2C3D4E5F60718293ABC020 /* VibeCapture/Tests/VibeCaptureIntegrationTests/PurchaseFlowTests.swift */; };
		B1B2C3D4E5F60718293AC025 /* VibeCapture/Tests/VibeCaptureTests/Mocks/MockCapabilityService.swift in Sources */ = {isa = PBXBuildFile; fileRef = B1B2C3D4E5F60718293ABC014 /* VibeCapture/Tests/VibeCaptureTests/Mocks/MockCapabilityService.swift */; };
		B1B2C3D4E5F60718293AC026 /* VibeCapture/Tests/VibeCaptureTests/Mocks/MockEntitlementsService.swift in Sources */ = {isa = PBXBuildFile; fileRef = B1B2C3D4E5F60718293ABC015 /* VibeCapture/Tests/VibeCaptureTests/Mocks/MockEntitlementsService.swift */; };
		B1B2C3D4E5F60718293AC027 /* VibeCapture/Tests/VibeCaptureTests/Mocks/MockSettingsStore.swift in Sources */ = {isa = PBXBuildFile; fileRef = B1B2C3D4E5F60718293ABC016 /* VibeCapture/Tests/VibeCaptureTests/Mocks/MockSettingsStore.swift */; };
		B1B2C3D4E5F60718293AC028 /* VibeCap.storekit in Resources */ = {isa = PBXBuildFile; fileRef = A1B2C3D4E5F60718293A4C70 /* VibeCap.storekit */; };
		B1B2C3D4E5F60718293AC030 /* VibeCapture/Tests/VibeCaptureUITests/PaywallUITests.swift in Sources */ = {isa = PBXBuildFile; fileRef = B1B2C3D4E5F60718293ABC030 /* VibeCapture/Tests/VibeCaptureUITests/PaywallUITests.swift */; };
/* End PBXBuildFile section */

/* Begin PBXContainerItemProxy section */
		B1B2C3D4E5F60718293AF010 /* PBXContainerItemProxy */ = {
			isa = PBXContainerItemProxy;
			containerPortal = A1B2C3D4E5F60718293A4B5C /* Project object */;
			proxyType = 1;
			remoteGlobalIDString = A1B2C3D4E5F60718293A4B70;
			remoteInfo = VibeCap;
		};
		B1B2C3D4E5F60718293AF011 /* PBXContainerItemProxy */ = {
			isa = PBXContainerItemProxy;
			containerPortal = A1B2C3D4E5F60718293A4B5C /* Project object */;
			proxyType = 1;
			remoteGlobalIDString = A1B2C3D4E5F60718293A4B70;
			remoteInfo = VibeCap;
		};
/* End PBXContainerItemProxy section */

/* Begin PBXFileReference section */
		A1B2C3D4E5F60718293A4B79 /* VibeCap.app */ = {isa = PBXFileReference; explicitFileType = wrapper.application; path = VibeCap.app; sourceTree = BUILT_PRODUCTS_DIR; };
		A1B2C3D4E5F60718293A4B80 /* Cocoa.framework */ = {isa = PBXFileReference; lastKnownFileType = wrapper.framework; name = Cocoa.framework; path = System/Library/Frameworks/Cocoa.framework; sourceTree = SDKROOT; };
		A1B2C3D4E5F60718293A4B81 /* CoreGraphics.framework */ = {isa = PBXFileReference; lastKnownFileType = wrapper.framework; name = CoreGraphics.framework; path = System/Library/Frameworks/CoreGraphics.framework; sourceTree = SDKROOT; };
		A1B2C3D4E5F60718293A4B82 /* Carbon.framework */ = {isa = PBXFileReference; lastKnownFileType = wrapper.framework; name = Carbon.framework; path = System/Library/Frameworks/Carbon.framework; sourceTree = SDKROOT; };
		A1B2C3D4E5F60718293A4B83 /* ServiceManagement.framework */ = {isa = PBXFileReference; lastKnownFileType = wrapper.framework; name = ServiceManagement.framework; path = System/Library/Frameworks/ServiceManagement.framework; sourceTree = SDKROOT; };
		A1B2C3D4E5F60718293A4B85 /* StoreKit.framework */ = {isa = PBXFileReference; lastKnownFileType = wrapper.framework; name = StoreKit.framework; path = System/Library/Frameworks/StoreKit.framework; sourceTree = SDKROOT; };
		A1B2C3D4E5F60718293A4C01 /* AppDelegate.swift */ = {isa = PBXFileReference; lastKnownFileType = sourcecode.swift; path = AppDelegate.swift; sourceTree = "<group>"; };
		A1B2C3D4E5F60718293A4C02 /* Info.plist */ = {isa = PBXFileReference; lastKnownFileType = text.plist.xml; path = Info.plist; sourceTree = "<group>"; };
		A1B2C3D4E5F60718293A4C03 /* VibeCapture.entitlements */ = {isa = PBXFileReference; lastKnownFileType = text.plist.entitlements; path = VibeCapture.entitlements; sourceTree = "<group>"; };
		A1B2C3D4E5F60718293A4C04 /* CaptureManager.swift */ = {isa = PBXFileReference; lastKnownFileType = sourcecode.swift; path = CaptureManager.swift; sourceTree = "<group>"; };
		A1B2C3D4E5F60718293A4C05 /* ScreenshotOverlayController.swift */ = {isa = PBXFileReference; lastKnownFileType = sourcecode.swift; path = ScreenshotOverlayController.swift; sourceTree = "<group>"; };
		A1B2C3D4E5F60718293A4C06 /* ShortcutManager.swift */ = {isa = PBXFileReference; lastKnownFileType = sourcecode.swift; path = ShortcutManager.swift; sourceTree = "<group>"; };
		A1B2C3D4E5F60718293A4C07 /* CaptureSession.swift */ = {isa = PBXFileReference; lastKnownFileType = sourcecode.swift; path = CaptureSession.swift; sourceTree = "<group>"; };
		A1B2C3D4E5F60718293A4C08 /* ClipboardService.swift */ = {isa = PBXFileReference; lastKnownFileType = sourcecode.swift; path = ClipboardService.swift; sourceTree = "<group>"; };
		A1B2C3D4E5F60718293A4C09 /* HUDService.swift */ = {isa = PBXFileReference; lastKnownFileType = sourcecode.swift; path = HUDService.swift; sourceTree = "<group>"; };
		A1B2C3D4E5F60718293A4C0A /* LaunchAtLoginService.swift */ = {isa = PBXFileReference; lastKnownFileType = sourcecode.swift; path = LaunchAtLoginService.swift; sourceTree = "<group>"; };
		A1B2C3D4E5F60718293A4C0B /* ScreenCaptureService.swift */ = {isa = PBXFileReference; lastKnownFileType = sourcecode.swift; path = ScreenCaptureService.swift; sourceTree = "<group>"; };
		A1B2C3D4E5F60718293A4C0C /* ScreenshotSaveService.swift */ = {isa = PBXFileReference; lastKnownFileType = sourcecode.swift; path = ScreenshotSaveService.swift; sourceTree = "<group>"; };
		A1B2C3D4E5F60718293A4C0D /* SettingsStore.swift */ = {isa = PBXFileReference; lastKnownFileType = sourcecode.swift; path = SettingsStore.swift; sourceTree = "<group>"; };
		A1B2C3D4E5F60718293A4C0E /* CaptureModalViewController.swift */ = {isa = PBXFileReference; lastKnownFileType = sourcecode.swift; path = CaptureModalViewController.swift; sourceTree = "<group>"; };
		A1B2C3D4E5F60718293A4C0F /* CaptureModalWindowController.swift */ = {isa = PBXFileReference; lastKnownFileType = sourcecode.swift; path = CaptureModalWindowController.swift; sourceTree = "<group>"; };
		A1B2C3D4E5F60718293A4C10 /* PromptTextView.swift */ = {isa = PBXFileReference; lastKnownFileType = sourcecode.swift; path = PromptTextView.swift; sourceTree = "<group>"; };
		A1B2C3D4E5F60718293A4C11 /* SettingsViewController.swift */ = {isa = PBXFileReference; lastKnownFileType = sourcecode.swift; path = SettingsViewController.swift; sourceTree = "<group>"; };
		A1B2C3D4E5F60718293A4C12 /* SettingsWindowController.swift */ = {isa = PBXFileReference; lastKnownFileType = sourcecode.swift; path = SettingsWindowController.swift; sourceTree = "<group>"; };
		A1B2C3D4E5F60718293A4C13 /* ShortcutRecorderView.swift */ = {isa = PBXFileReference; lastKnownFileType = sourcecode.swift; path = ShortcutRecorderView.swift; sourceTree = "<group>"; };
		A1B2C3D4E5F60718293A4C14 /* KeyCombo.swift */ = {isa = PBXFileReference; lastKnownFileType = sourcecode.swift; path = KeyCombo.swift; sourceTree = "<group>"; };
		A1B2C3D4E5F60718293A4C15 /* NSImage+PNG.swift */ = {isa = PBXFileReference; lastKnownFileType = sourcecode.swift; path = "NSImage+PNG.swift"; sourceTree = "<group>"; };
		A1B2C3D4E5F60718293A4C16 /* PermissionsUI.swift */ = {isa = PBXFileReference; lastKnownFileType = sourcecode.swift; path = PermissionsUI.swift; sourceTree = "<group>"; };
		A1B2C3D4E5F60718293A4C17 /* AppDetectionService.swift */ = {isa = PBXFileReference; lastKnownFileType = sourcecode.swift; path = AppDetectionService.swift; sourceTree = "<group>"; };
		A1B2C3D4E5F60718293A4C18 /* AutoPasteService.swift */ = {isa = PBXFileReference; lastKnownFileType = sourcecode.swift; path = AutoPasteService.swift; sourceTree = "<group>"; };
		A1B2C3D4E5F60718293A4C20 /* Annotation.swift */ = {isa = PBXFileReference; lastKnownFileType = sourcecode.swift; path = Annotation.swift; sourceTree = "<group>"; };
		A1B2C3D4E5F60718293A4C21 /* AnnotationCanvasView.swift */ = {isa = PBXFileReference; lastKnownFileType = sourcecode.swift; path = AnnotationCanvasView.swift; sourceTree = "<group>"; };
		A1B2C3D4E5F60718293A4C22 /* AnnotationToolbarView.swift */ = {isa = PBXFileReference; lastKnownFileType = sourcecode.swift; path = AnnotationToolbarView.swift; sourceTree = "<group>"; };
		A1B2C3D4E5F60718293A4C23 /* AnnotationRenderService.swift */ = {isa = PBXFileReference; lastKnownFileType = sourcecode.swift; path = AnnotationRenderService.swift; sourceTree = "<group>"; };
		A1B2C3D4E5F60718293A4C24 /* FocusableScrollView.swift */ = {isa = PBXFileReference; lastKnownFileType = sourcecode.swift; path = FocusableScrollView.swift; sourceTree = "<group>"; };
		A1B2C3D4E5F60718293A4C27 /* AddAppPanelController.swift */ = {isa = PBXFileReference; lastKnownFileType = sourcecode.swift; path = AddAppPanelController.swift; sourceTree = "<group>"; };
		A1B2C3D4E5F60718293A4C30 /* LocalizationManager.swift */ = {isa = PBXFileReference; lastKnownFileType = sourcecode.swift; path = LocalizationManager.swift; sourceTree = "<group>"; };
		A1B2C3D4E5F60718293A4C31 /* RoundedHoverButton.swift */ = {isa = PBXFileReference; lastKnownFileType = sourcecode.swift; path = RoundedHoverButton.swift; sourceTree = "<group>"; };
		A1B2C3D4E5F60718293A4C32 /* ScreenshotPreviewService.swift */ = {isa = PBXFileReference; lastKnownFileType = sourcecode.swift; path = ScreenshotPreviewService.swift; sourceTree = "<group>"; };
		A1B2C3D4E5F60718293A4C33 /* ScreenshotPreviewPanelController.swift */ = {isa = PBXFileReference; lastKnownFileType = sourcecode.swift; path = ScreenshotPreviewPanelController.swift; sourceTree = "<group>"; };
		A1B2C3D4E5F60718293A4C34 /* CountdownCloseButton.swift */ = {isa = PBXFileReference; lastKnownFileType = sourcecode.swift; path = CountdownCloseButton.swift; sourceTree = "<group>"; };
		A1B2C3D4E5F60718293A4C35 /* DraggableImageView.swift */ = {isa = PBXFileReference; lastKnownFileType = sourcecode.swift; path = DraggableImageView.swift; sourceTree = "<group>"; };
		A1B2C3D4E5F60718293A4C36 /* main.swift */ = {isa = PBXFileReference; lastKnownFileType = sourcecode.swift; path = main.swift; sourceTree = "<group>"; };
		A1B2C3D4E5F60718293A4C37 /* AppLog.swift */ = {isa = PBXFileReference; lastKnownFileType = sourcecode.swift; path = AppLog.swift; sourceTree = "<group>"; };
		A1B2C3D4E5F60718293A4C40 /* AppIcon.icns */ = {isa = PBXFileReference; lastKnownFileType = image.icns; path = AppIcon.icns; sourceTree = "<group>"; };
		A1B2C3D4E5F60718293A4C41 /* MenuBarIcon.png */ = {isa = PBXFileReference; lastKnownFileType = image.png; path = MenuBarIcon.png; sourceTree = "<group>"; };
		A1B2C3D4E5F60718293A4C42 /* MenuBarIcon@2x.png */ = {isa = PBXFileReference; lastKnownFileType = image.png; path = "MenuBarIcon@2x.png"; sourceTree = "<group>"; };
		A1B2C3D4E5F60718293A4C43 /* cs.lproj */ = {isa = PBXFileReference; lastKnownFileType = folder; path = cs.lproj; sourceTree = "<group>"; };
		A1B2C3D4E5F60718293A4C44 /* da.lproj */ = {isa = PBXFileReference; lastKnownFileType = folder; path = da.lproj; sourceTree = "<group>"; };
		A1B2C3D4E5F60718293A4C45 /* de.lproj */ = {isa = PBXFileReference; lastKnownFileType = folder; path = de.lproj; sourceTree = "<group>"; };
		A1B2C3D4E5F60718293A4C46 /* el.lproj */ = {isa = PBXFileReference; lastKnownFileType = folder; path = el.lproj; sourceTree = "<group>"; };
		A1B2C3D4E5F60718293A4C47 /* en.lproj */ = {isa = PBXFileReference; lastKnownFileType = folder; path = en.lproj; sourceTree = "<group>"; };
		A1B2C3D4E5F60718293A4C48 /* es.lproj */ = {isa = PBXFileReference; lastKnownFileType = folder; path = es.lproj; sourceTree = "<group>"; };
		A1B2C3D4E5F60718293A4C49 /* fi.lproj */ = {isa = PBXFileReference; lastKnownFileType = folder; path = fi.lproj; sourceTree = "<group>"; };
		A1B2C3D4E5F60718293A4C4A /* fr.lproj */ = {isa = PBXFileReference; lastKnownFileType = folder; path = fr.lproj; sourceTree = "<group>"; };
		A1B2C3D4E5F60718293A4C4B /* it.lproj */ = {isa = PBXFileReference; lastKnownFileType = folder; path = it.lproj; sourceTree = "<group>"; };
		A1B2C3D4E5F60718293A4C4C /* ja.lproj */ = {isa = PBXFileReference; lastKnownFileType = folder; path = ja.lproj; sourceTree = "<group>"; };
		A1B2C3D4E5F60718293A4C4D /* ko.lproj */ = {isa = PBXFileReference; lastKnownFileType = folder; path = ko.lproj; sourceTree = "<group>"; };
		A1B2C3D4E5F60718293A4C4E /* nb.lproj */ = {isa = PBXFileReference; lastKnownFileType = folder; path = nb.lproj; sourceTree = "<group>"; };
		A1B2C3D4E5F60718293A4C4F /* nl.lproj */ = {isa = PBXFileReference; lastKnownFileType = folder; path = nl.lproj; sourceTree = "<group>"; };
		A1B2C3D4E5F60718293A4C50 /* pl.lproj */ = {isa = PBXFileReference; lastKnownFileType = folder; path = pl.lproj; sourceTree = "<group>"; };
		A1B2C3D4E5F60718293A4C51 /* pt.lproj */ = {isa = PBXFileReference; lastKnownFileType = folder; path = pt.lproj; sourceTree = "<group>"; };
		A1B2C3D4E5F60718293A4C52 /* ru.lproj */ = {isa = PBXFileReference; lastKnownFileType = folder; path = ru.lproj; sourceTree = "<group>"; };
		A1B2C3D4E5F60718293A4C53 /* sv.lproj */ = {isa = PBXFileReference; lastKnownFileType = folder; path = sv.lproj; sourceTree = "<group>"; };
		A1B2C3D4E5F60718293A4C54 /* tr.lproj */ = {isa = PBXFileReference; lastKnownFileType = folder; path = tr.lproj; sourceTree = "<group>"; };
		A1B2C3D4E5F60718293A4C55 /* zh-Hans.lproj */ = {isa = PBXFileReference; lastKnownFileType = folder; path = "zh-Hans.lproj"; sourceTree = "<group>"; };
		A1B2C3D4E5F60718293A4C56 /* zh-Hant.lproj */ = {isa = PBXFileReference; lastKnownFileType = folder; path = "zh-Hant.lproj"; sourceTree = "<group>"; };
		A1B2C3D4E5F60718293A4C57 /* download-line.svg */ = {isa = PBXFileReference; lastKnownFileType = text.xml; path = "download-line.svg"; sourceTree = "<group>"; };
		A1B2C3D4E5F60718293A4C58 /* add-circle-line.svg */ = {isa = PBXFileReference; lastKnownFileType = text.xml; path = "add-circle-line.svg"; sourceTree = "<group>"; };
		A1B2C3D4E5F60718293A4C59 /* arrow-down-s-line.svg */ = {isa = PBXFileReference; lastKnownFileType = text.xml; path = "arrow-down-s-line.svg"; sourceTree = "<group>"; };
		A1B2C3D4E5F60718293A4C5A /* file-copy-line.svg */ = {isa = PBXFileReference; lastKnownFileType = text.xml; path = "file-copy-line.svg"; sourceTree = "<group>"; };
		A1B2C3D4E5F60718293A4C60 /* EntitlementsService.swift */ = {isa = PBXFileReference; lastKnownFileType = sourcecode.swift; path = EntitlementsService.swift; sourceTree = "<group>"; };
		A1B2C3D4E5F60718293A4C61 /* CapabilityService.swift */ = {isa = PBXFileReference; lastKnownFileType = sourcecode.swift; path = CapabilityService.swift; sourceTree = "<group>"; };
		A1B2C3D4E5F60718293A4C62 /* PurchaseService.swift */ = {isa = PBXFileReference; lastKnownFileType = sourcecode.swift; path = PurchaseService.swift; sourceTree = "<group>"; };
		A1B2C3D4E5F60718293A4C63 /* PaywallWindowController.swift */ = {isa = PBXFileReference; lastKnownFileType = sourcecode.swift; path = PaywallWindowController.swift; sourceTree = "<group>"; };
		A1B2C3D4E5F60718293A4C70 /* VibeCap.storekit */ = {isa = PBXFileReference; lastKnownFileType = text; path = VibeCap.storekit; sourceTree = "<group>"; };
		B1B2C3D4E5F60718293ABC010 /* VibeCapture/Tests/VibeCaptureTests/CapabilityServiceTests.swift */ = {isa = PBXFileReference; lastKnownFileType = sourcecode.swift; path = VibeCapture/Tests/VibeCaptureTests/CapabilityServiceTests.swift; sourceTree = "<group>"; };
		B1B2C3D4E5F60718293ABC011 /* VibeCapture/Tests/VibeCaptureTests/EntitlementsServiceTests.swift */ = {isa = PBXFileReference; lastKnownFileType = sourcecode.swift; path = VibeCapture/Tests/VibeCaptureTests/EntitlementsServiceTests.swift; sourceTree = "<group>"; };
		B1B2C3D4E5F60718293ABC012 /* VibeCapture/Tests/VibeCaptureTests/ProStatusTests.swift */ = {isa = PBXFileReference; lastKnownFileType = sourcecode.swift; path = VibeCapture/Tests/VibeCaptureTests/ProStatusTests.swift; sourceTree = "<group>"; };
		B1B2C3D4E5F60718293ABC013 /* VibeCapture/Tests/VibeCaptureTests/SettingsStoreTests.swift */ = {isa = PBXFileReference; lastKnownFileType = sourcecode.swift; path = VibeCapture/Tests/VibeCaptureTests/SettingsStoreTests.swift; sourceTree = "<group>"; };
		B1B2C3D4E5F60718293ABC014 /* VibeCapture/Tests/VibeCaptureTests/Mocks/MockCapabilityService.swift */ = {isa = PBXFileReference; lastKnownFileType = sourcecode.swift; path = VibeCapture/Tests/VibeCaptureTests/Mocks/MockCapabilityService.swift; sourceTree = "<group>"; };
		B1B2C3D4E5F60718293ABC015 /* VibeCapture/Tests/VibeCaptureTests/Mocks/MockEntitlementsService.swift */ = {isa = PBXFileReference; lastKnownFileType = sourcecode.swift; path = VibeCapture/Tests/VibeCaptureTests/Mocks/MockEntitlementsService.swift; sourceTree = "<group>"; };
		B1B2C3D4E5F60718293ABC016 /* VibeCapture/Tests/VibeCaptureTests/Mocks/MockSettingsStore.swift */ = {isa = PBXFileReference; lastKnownFileType = sourcecode.swift; path = VibeCapture/Tests/VibeCaptureTests/Mocks/MockSettingsStore.swift; sourceTree = "<group>"; };
		B1B2C3D4E5F60718293ABC020 /* VibeCapture/Tests/VibeCaptureIntegrationTests/PurchaseFlowTests.swift */ = {isa = PBXFileReference; lastKnownFileType = sourcecode.swift; path = VibeCapture/Tests/VibeCaptureIntegrationTests/PurchaseFlowTests.swift; sourceTree = "<group>"; };
		B1B2C3D4E5F60718293ABC030 /* VibeCapture/Tests/VibeCaptureUITests/PaywallUITests.swift */ = {isa = PBXFileReference; lastKnownFileType = sourcecode.swift; path = VibeCapture/Tests/VibeCaptureUITests/PaywallUITests.swift; sourceTree = "<group>"; };
		B1B2C3D4E5F60718293ABD000 /* VibeCapTests.xctest */ = {isa = PBXFileReference; explicitFileType = wrapper.cfbundle; path = VibeCapTests.xctest; sourceTree = BUILT_PRODUCTS_DIR; };
		B1B2C3D4E5F60718293ABD001 /* VibeCapUITests.xctest */ = {isa = PBXFileReference; explicitFileType = wrapper.cfbundle; path = VibeCapUITests.xctest; sourceTree = BUILT_PRODUCTS_DIR; };
		B1B2C3D4E5F60718293ABE000 /* XCTest.framework */ = {isa = PBXFileReference; lastKnownFileType = wrapper.framework; name = XCTest.framework; path = System/Library/Frameworks/XCTest.framework; sourceTree = SDKROOT; };
		B1B2C3D4E5F60718293ABE001 /* StoreKitTest.framework */ = {isa = PBXFileReference; lastKnownFileType = wrapper.framework; name = StoreKitTest.framework; path = System/Library/Frameworks/StoreKitTest.framework; sourceTree = SDKROOT; };
/* End PBXFileReference section */

/* Begin PBXFrameworksBuildPhase section */
		A1B2C3D4E5F60718293A4B72 /* Frameworks */ = {
			isa = PBXFrameworksBuildPhase;
			buildActionMask = 2147483647;
			files = (
				A1B2C3D4E5F60718293A4B90 /* Cocoa.framework in Frameworks */,
				A1B2C3D4E5F60718293A4B91 /* CoreGraphics.framework in Frameworks */,
				A1B2C3D4E5F60718293A4B92 /* Carbon.framework in Frameworks */,
				A1B2C3D4E5F60718293A4B93 /* ServiceManagement.framework in Frameworks */,
				A1B2C3D4E5F60718293A4B95 /* StoreKit.framework in Frameworks */,
			);
			runOnlyForDeploymentPostprocessing = 0;
		};
		B1B2C3D4E5F60718293ABB10 /* Frameworks */ = {
			isa = PBXFrameworksBuildPhase;
			buildActionMask = 2147483647;
			files = (
				B1B2C3D4E5F60718293AC010 /* XCTest.framework in Frameworks */,
				B1B2C3D4E5F60718293AC011 /* StoreKitTest.framework in Frameworks */,
			);
			runOnlyForDeploymentPostprocessing = 0;
		};
		B1B2C3D4E5F60718293ABB11 /* Frameworks */ = {
			isa = PBXFrameworksBuildPhase;
			buildActionMask = 2147483647;
			files = (
				B1B2C3D4E5F60718293AC012 /* XCTest.framework in Frameworks */,
			);
			runOnlyForDeploymentPostprocessing = 0;
		};
/* End PBXFrameworksBuildPhase section */

/* Begin PBXGroup section */
		A1B2C3D4E5F60718293A4B5D = {
			isa = PBXGroup;
			children = (
				A1B2C3D4E5F60718293A4C70 /* VibeCap.storekit */,
				A1B2C3D4E5F60718293A4B5E /* VibeCapture */,
				B1B2C3D4E5F60718293ABF000 /* Tests */,
				A1B2C3D4E5F60718293A4B66 /* Frameworks */,
				A1B2C3D4E5F60718293A4B65 /* Products */,
			);
			sourceTree = "<group>";
		};
		A1B2C3D4E5F60718293A4B5E /* VibeCapture */ = {
			isa = PBXGroup;
			children = (
				A1B2C3D4E5F60718293A4C01 /* AppDelegate.swift */,
				A1B2C3D4E5F60718293A4C36 /* main.swift */,
				A1B2C3D4E5F60718293A4C02 /* Info.plist */,
				A1B2C3D4E5F60718293A4C03 /* VibeCapture.entitlements */,
				A1B2C3D4E5F60718293A4B67 /* Resources */,
				A1B2C3D4E5F60718293A4B5F /* Managers */,
				A1B2C3D4E5F60718293A4B60 /* Models */,
				A1B2C3D4E5F60718293A4B61 /* Services */,
				A1B2C3D4E5F60718293A4B62 /* Settings */,
				A1B2C3D4E5F60718293A4B63 /* UI */,
				A1B2C3D4E5F60718293A4B64 /* Utilities */,
			);
			path = VibeCapture;
			sourceTree = "<group>";
		};
		A1B2C3D4E5F60718293A4B5F /* Managers */ = {
			isa = PBXGroup;
			children = (
				A1B2C3D4E5F60718293A4C04 /* CaptureManager.swift */,
				A1B2C3D4E5F60718293A4C05 /* ScreenshotOverlayController.swift */,
				A1B2C3D4E5F60718293A4C06 /* ShortcutManager.swift */,
			);
			path = Managers;
			sourceTree = "<group>";
		};
		A1B2C3D4E5F60718293A4B60 /* Models */ = {
			isa = PBXGroup;
			children = (
				A1B2C3D4E5F60718293A4C20 /* Annotation.swift */,
				A1B2C3D4E5F60718293A4C07 /* CaptureSession.swift */,
			);
			path = Models;
			sourceTree = "<group>";
		};
		A1B2C3D4E5F60718293A4B61 /* Services */ = {
			isa = PBXGroup;
			children = (
				A1B2C3D4E5F60718293A4C23 /* AnnotationRenderService.swift */,
				A1B2C3D4E5F60718293A4C17 /* AppDetectionService.swift */,
				A1B2C3D4E5F60718293A4C18 /* AutoPasteService.swift */,
				A1B2C3D4E5F60718293A4C61 /* CapabilityService.swift */,
				A1B2C3D4E5F60718293A4C08 /* ClipboardService.swift */,
				A1B2C3D4E5F60718293A4C60 /* EntitlementsService.swift */,
				A1B2C3D4E5F60718293A4C09 /* HUDService.swift */,
				A1B2C3D4E5F60718293A4C37 /* AppLog.swift */,
				A1B2C3D4E5F60718293A4C30 /* LocalizationManager.swift */,
				A1B2C3D4E5F60718293A4C0A /* LaunchAtLoginService.swift */,
				A1B2C3D4E5F60718293A4C62 /* PurchaseService.swift */,
				A1B2C3D4E5F60718293A4C0B /* ScreenCaptureService.swift */,
				A1B2C3D4E5F60718293A4C32 /* ScreenshotPreviewService.swift */,
				A1B2C3D4E5F60718293A4C0C /* ScreenshotSaveService.swift */,
			);
			path = Services;
			sourceTree = "<group>";
		};
		A1B2C3D4E5F60718293A4B62 /* Settings */ = {
			isa = PBXGroup;
			children = (
				A1B2C3D4E5F60718293A4C0D /* SettingsStore.swift */,
			);
			path = Settings;
			sourceTree = "<group>";
		};
		A1B2C3D4E5F60718293A4B63 /* UI */ = {
			isa = PBXGroup;
			children = (
				A1B2C3D4E5F60718293A4C27 /* AddAppPanelController.swift */,
				A1B2C3D4E5F60718293A4C21 /* AnnotationCanvasView.swift */,
				A1B2C3D4E5F60718293A4C22 /* AnnotationToolbarView.swift */,
				A1B2C3D4E5F60718293A4C0E /* CaptureModalViewController.swift */,
				A1B2C3D4E5F60718293A4C34 /* CountdownCloseButton.swift */,
				A1B2C3D4E5F60718293A4C35 /* DraggableImageView.swift */,
				A1B2C3D4E5F60718293A4C24 /* FocusableScrollView.swift */,
				A1B2C3D4E5F60718293A4C0F /* CaptureModalWindowController.swift */,
				A1B2C3D4E5F60718293A4C63 /* PaywallWindowController.swift */,
				A1B2C3D4E5F60718293A4C10 /* PromptTextView.swift */,
				A1B2C3D4E5F60718293A4C31 /* RoundedHoverButton.swift */,
				A1B2C3D4E5F60718293A4C33 /* ScreenshotPreviewPanelController.swift */,
				A1B2C3D4E5F60718293A4C11 /* SettingsViewController.swift */,
				A1B2C3D4E5F60718293A4C12 /* SettingsWindowController.swift */,
				A1B2C3D4E5F60718293A4C13 /* ShortcutRecorderView.swift */,
			);
			path = UI;
			sourceTree = "<group>";
		};
		A1B2C3D4E5F60718293A4B64 /* Utilities */ = {
			isa = PBXGroup;
			children = (
				A1B2C3D4E5F60718293A4C14 /* KeyCombo.swift */,
				A1B2C3D4E5F60718293A4C15 /* NSImage+PNG.swift */,
				A1B2C3D4E5F60718293A4C16 /* PermissionsUI.swift */,
			);
			path = Utilities;
			sourceTree = "<group>";
		};
		A1B2C3D4E5F60718293A4B65 /* Products */ = {
			isa = PBXGroup;
			children = (
				A1B2C3D4E5F60718293A4B79 /* VibeCap.app */,
				B1B2C3D4E5F60718293ABD000 /* VibeCapTests.xctest */,
				B1B2C3D4E5F60718293ABD001 /* VibeCapUITests.xctest */,
			);
			name = Products;
			sourceTree = "<group>";
		};
		A1B2C3D4E5F60718293A4B66 /* Frameworks */ = {
			isa = PBXGroup;
			children = (
				A1B2C3D4E5F60718293A4B80 /* Cocoa.framework */,
				A1B2C3D4E5F60718293A4B81 /* CoreGraphics.framework */,
				A1B2C3D4E5F60718293A4B82 /* Carbon.framework */,
				A1B2C3D4E5F60718293A4B83 /* ServiceManagement.framework */,
				A1B2C3D4E5F60718293A4B85 /* StoreKit.framework */,
				B1B2C3D4E5F60718293ABE000 /* XCTest.framework */,
				B1B2C3D4E5F60718293ABE001 /* StoreKitTest.framework */,
			);
			name = Frameworks;
			sourceTree = "<group>";
		};
		A1B2C3D4E5F60718293A4B67 /* Resources */ = {
			isa = PBXGroup;
			children = (
				A1B2C3D4E5F60718293A4C40 /* AppIcon.icns */,
				A1B2C3D4E5F60718293A4C41 /* MenuBarIcon.png */,
				A1B2C3D4E5F60718293A4C42 /* MenuBarIcon@2x.png */,
				A1B2C3D4E5F60718293A4C57 /* download-line.svg */,
				A1B2C3D4E5F60718293A4C58 /* add-circle-line.svg */,
				A1B2C3D4E5F60718293A4C59 /* arrow-down-s-line.svg */,
				A1B2C3D4E5F60718293A4C5A /* file-copy-line.svg */,
				A1B2C3D4E5F60718293A4C43 /* cs.lproj */,
				A1B2C3D4E5F60718293A4C44 /* da.lproj */,
				A1B2C3D4E5F60718293A4C45 /* de.lproj */,
				A1B2C3D4E5F60718293A4C46 /* el.lproj */,
				A1B2C3D4E5F60718293A4C47 /* en.lproj */,
				A1B2C3D4E5F60718293A4C48 /* es.lproj */,
				A1B2C3D4E5F60718293A4C49 /* fi.lproj */,
				A1B2C3D4E5F60718293A4C4A /* fr.lproj */,
				A1B2C3D4E5F60718293A4C4B /* it.lproj */,
				A1B2C3D4E5F60718293A4C4C /* ja.lproj */,
				A1B2C3D4E5F60718293A4C4D /* ko.lproj */,
				A1B2C3D4E5F60718293A4C4E /* nb.lproj */,
				A1B2C3D4E5F60718293A4C4F /* nl.lproj */,
				A1B2C3D4E5F60718293A4C50 /* pl.lproj */,
				A1B2C3D4E5F60718293A4C51 /* pt.lproj */,
				A1B2C3D4E5F60718293A4C52 /* ru.lproj */,
				A1B2C3D4E5F60718293A4C53 /* sv.lproj */,
				A1B2C3D4E5F60718293A4C54 /* tr.lproj */,
				A1B2C3D4E5F60718293A4C55 /* zh-Hans.lproj */,
				A1B2C3D4E5F60718293A4C56 /* zh-Hant.lproj */,
			);
			path = Resources;
			sourceTree = "<group>";
		};
		B1B2C3D4E5F60718293ABF000 /* Tests */ = {
			isa = PBXGroup;
			children = (
				B1B2C3D4E5F60718293ABC010 /* VibeCapture/Tests/VibeCaptureTests/CapabilityServiceTests.swift */,
				B1B2C3D4E5F60718293ABC011 /* VibeCapture/Tests/VibeCaptureTests/EntitlementsServiceTests.swift */,
				B1B2C3D4E5F60718293ABC012 /* VibeCapture/Tests/VibeCaptureTests/ProStatusTests.swift */,
				B1B2C3D4E5F60718293ABC013 /* VibeCapture/Tests/VibeCaptureTests/SettingsStoreTests.swift */,
				B1B2C3D4E5F60718293ABC014 /* VibeCapture/Tests/VibeCaptureTests/Mocks/MockCapabilityService.swift */,
				B1B2C3D4E5F60718293ABC015 /* VibeCapture/Tests/VibeCaptureTests/Mocks/MockEntitlementsService.swift */,
				B1B2C3D4E5F60718293ABC016 /* VibeCapture/Tests/VibeCaptureTests/Mocks/MockSettingsStore.swift */,
				B1B2C3D4E5F60718293ABC020 /* VibeCapture/Tests/VibeCaptureIntegrationTests/PurchaseFlowTests.swift */,
				B1B2C3D4E5F60718293ABC030 /* VibeCapture/Tests/VibeCaptureUITests/PaywallUITests.swift */,
			);
			name = Tests;
			sourceTree = "<group>";
		};
/* End PBXGroup section */

/* Begin PBXNativeTarget section */
		A1B2C3D4E5F60718293A4B70 /* VibeCap */ = {
			isa = PBXNativeTarget;
			buildConfigurationList = A1B2C3D4E5F60718293A4B74 /* Build configuration list for PBXNativeTarget "VibeCap" */;
			buildPhases = (
				A1B2C3D4E5F60718293A4B71 /* Sources */,
				A1B2C3D4E5F60718293A4B72 /* Frameworks */,
				A1B2C3D4E5F60718293A4B84 /* Resources */,
			);
			buildRules = (
			);
			dependencies = (
			);
			name = VibeCap;
			productName = VibeCap;
			productReference = A1B2C3D4E5F60718293A4B79 /* VibeCap.app */;
			productType = "com.apple.product-type.application";
		};
		B1B2C3D4E5F60718293ABA000 /* VibeCapTests */ = {
			isa = PBXNativeTarget;
			buildConfigurationList = B1B2C3D4E5F60718293AC110 /* Build configuration list for PBXNativeTarget "VibeCapTests" */;
			buildPhases = (
				B1B2C3D4E5F60718293ABB00 /* Sources */,
				B1B2C3D4E5F60718293ABB10 /* Frameworks */,
				B1B2C3D4E5F60718293ABB20 /* Resources */,
			);
			buildRules = (
			);
			dependencies = (
				B1B2C3D4E5F60718293AF020 /* PBXTargetDependency */,
			);
			name = VibeCapTests;
			productName = VibeCapTests;
			productReference = B1B2C3D4E5F60718293ABD000 /* VibeCapTests.xctest */;
			productType = "com.apple.product-type.bundle.unit-test";
		};
		B1B2C3D4E5F60718293ABA001 /* VibeCapUITests */ = {
			isa = PBXNativeTarget;
			buildConfigurationList = B1B2C3D4E5F60718293AC111 /* Build configuration list for PBXNativeTarget "VibeCapUITests" */;
			buildPhases = (
				B1B2C3D4E5F60718293ABB01 /* Sources */,
				B1B2C3D4E5F60718293ABB11 /* Frameworks */,
			);
			buildRules = (
			);
			dependencies = (
				B1B2C3D4E5F60718293AF021 /* PBXTargetDependency */,
			);
			name = VibeCapUITests;
			productName = VibeCapUITests;
			productReference = B1B2C3D4E5F60718293ABD001 /* VibeCapUITests.xctest */;
			productType = "com.apple.product-type.bundle.ui-testing";
		};
/* End PBXNativeTarget section */

/* Begin PBXProject section */
		A1B2C3D4E5F60718293A4B5C /* Project object */ = {
			isa = PBXProject;
			attributes = {
				BuildIndependentTargetsInParallel = 1;
				LastSwiftUpdateCheck = 1500;
				LastUpgradeCheck = 2620;
				ORGANIZATIONNAME = Luke;
				TargetAttributes = {
					A1B2C3D4E5F60718293A4B70 = {
						CreatedOnToolsVersion = 15.0;
					};
					B1B2C3D4E5F60718293ABA000 = {
						CreatedOnToolsVersion = 15.0;
						TestTargetID = A1B2C3D4E5F60718293A4B70;
					};
					B1B2C3D4E5F60718293ABA001 = {
						CreatedOnToolsVersion = 15.0;
						TestTargetID = A1B2C3D4E5F60718293A4B70;
					};
				};
			};
			buildConfigurationList = A1B2C3D4E5F60718293A4B73 /* Build configuration list for PBXProject "VibeCapture" */;
			compatibilityVersion = "Xcode 14.0";
			developmentRegion = en;
			hasScannedForEncodings = 0;
			knownRegions = (
				en,
			);
			mainGroup = A1B2C3D4E5F60718293A4B5D;
			productRefGroup = A1B2C3D4E5F60718293A4B65 /* Products */;
			projectDirPath = "";
			projectRoot = "";
			targets = (
				A1B2C3D4E5F60718293A4B70 /* VibeCap */,
				B1B2C3D4E5F60718293ABA000 /* VibeCapTests */,
				B1B2C3D4E5F60718293ABA001 /* VibeCapUITests */,
			);
		};
/* End PBXProject section */

/* Begin PBXResourcesBuildPhase section */
		A1B2C3D4E5F60718293A4B84 /* Resources */ = {
			isa = PBXResourcesBuildPhase;
			buildActionMask = 2147483647;
			files = (
				A1B2C3D4E5F60718293A4D40 /* AppIcon.icns in Resources */,
				A1B2C3D4E5F60718293A4D41 /* MenuBarIcon.png in Resources */,
				A1B2C3D4E5F60718293A4D42 /* MenuBarIcon@2x.png in Resources */,
				A1B2C3D4E5F60718293A4D57 /* download-line.svg in Resources */,
				A1B2C3D4E5F60718293A4D58 /* add-circle-line.svg in Resources */,
				A1B2C3D4E5F60718293A4D59 /* arrow-down-s-line.svg in Resources */,
				A1B2C3D4E5F60718293A4D5A /* file-copy-line.svg in Resources */,
				A1B2C3D4E5F60718293A4D43 /* cs.lproj in Resources */,
				A1B2C3D4E5F60718293A4D44 /* da.lproj in Resources */,
				A1B2C3D4E5F60718293A4D45 /* de.lproj in Resources */,
				A1B2C3D4E5F60718293A4D46 /* el.lproj in Resources */,
				A1B2C3D4E5F60718293A4D47 /* en.lproj in Resources */,
				A1B2C3D4E5F60718293A4D48 /* es.lproj in Resources */,
				A1B2C3D4E5F60718293A4D49 /* fi.lproj in Resources */,
				A1B2C3D4E5F60718293A4D4A /* fr.lproj in Resources */,
				A1B2C3D4E5F60718293A4D4B /* it.lproj in Resources */,
				A1B2C3D4E5F60718293A4D4C /* ja.lproj in Resources */,
				A1B2C3D4E5F60718293A4D4D /* ko.lproj in Resources */,
				A1B2C3D4E5F60718293A4D4E /* nb.lproj in Resources */,
				A1B2C3D4E5F60718293A4D4F /* nl.lproj in Resources */,
				A1B2C3D4E5F60718293A4D50 /* pl.lproj in Resources */,
				A1B2C3D4E5F60718293A4D51 /* pt.lproj in Resources */,
				A1B2C3D4E5F60718293A4D52 /* ru.lproj in Resources */,
				A1B2C3D4E5F60718293A4D53 /* sv.lproj in Resources */,
				A1B2C3D4E5F60718293A4D54 /* tr.lproj in Resources */,
				A1B2C3D4E5F60718293A4D55 /* zh-Hans.lproj in Resources */,
				A1B2C3D4E5F60718293A4D56 /* zh-Hant.lproj in Resources */,
			);
			runOnlyForDeploymentPostprocessing = 0;
		};
		B1B2C3D4E5F60718293ABB20 /* Resources */ = {
			isa = PBXResourcesBuildPhase;
			buildActionMask = 2147483647;
			files = (
				B1B2C3D4E5F60718293AC028 /* VibeCap.storekit in Resources */,
			);
			runOnlyForDeploymentPostprocessing = 0;
		};
/* End PBXResourcesBuildPhase section */

/* Begin PBXSourcesBuildPhase section */
		A1B2C3D4E5F60718293A4B71 /* Sources */ = {
			isa = PBXSourcesBuildPhase;
			buildActionMask = 2147483647;
			files = (
				A1B2C3D4E5F60718293A4D20 /* Annotation.swift in Sources */,
				A1B2C3D4E5F60718293A4D21 /* AnnotationCanvasView.swift in Sources */,
				A1B2C3D4E5F60718293A4D22 /* AnnotationToolbarView.swift in Sources */,
				A1B2C3D4E5F60718293A4D24 /* FocusableScrollView.swift in Sources */,
				A1B2C3D4E5F60718293A4D27 /* AddAppPanelController.swift in Sources */,
				A1B2C3D4E5F60718293A4D23 /* AnnotationRenderService.swift in Sources */,
				A1B2C3D4E5F60718293A4D01 /* AppDelegate.swift in Sources */,
				A1B2C3D4E5F60718293A4D36 /* main.swift in Sources */,
				A1B2C3D4E5F60718293A4D02 /* CaptureManager.swift in Sources */,
				A1B2C3D4E5F60718293A4D03 /* ScreenshotOverlayController.swift in Sources */,
				A1B2C3D4E5F60718293A4D04 /* ShortcutManager.swift in Sources */,
				A1B2C3D4E5F60718293A4D05 /* CaptureSession.swift in Sources */,
				A1B2C3D4E5F60718293A4D15 /* AppDetectionService.swift in Sources */,
				A1B2C3D4E5F60718293A4D16 /* AutoPasteService.swift in Sources */,
				A1B2C3D4E5F60718293A4D06 /* ClipboardService.swift in Sources */,
				A1B2C3D4E5F60718293A4D32 /* ScreenshotPreviewService.swift in Sources */,
				A1B2C3D4E5F60718293A4D07 /* HUDService.swift in Sources */,
				A1B2C3D4E5F60718293A4D37 /* AppLog.swift in Sources */,
				A1B2C3D4E5F60718293A4D30 /* LocalizationManager.swift in Sources */,
				A1B2C3D4E5F60718293A4D08 /* LaunchAtLoginService.swift in Sources */,
				A1B2C3D4E5F60718293A4D09 /* ScreenCaptureService.swift in Sources */,
				A1B2C3D4E5F60718293A4D0A /* ScreenshotSaveService.swift in Sources */,
				A1B2C3D4E5F60718293A4D0B /* SettingsStore.swift in Sources */,
				A1B2C3D4E5F60718293A4D0C /* CaptureModalViewController.swift in Sources */,
				A1B2C3D4E5F60718293A4D0D /* CaptureModalWindowController.swift in Sources */,
				A1B2C3D4E5F60718293A4D34 /* CountdownCloseButton.swift in Sources */,
				A1B2C3D4E5F60718293A4D35 /* DraggableImageView.swift in Sources */,
				A1B2C3D4E5F60718293A4D0E /* PromptTextView.swift in Sources */,
				A1B2C3D4E5F60718293A4D31 /* RoundedHoverButton.swift in Sources */,
				A1B2C3D4E5F60718293A4D33 /* ScreenshotPreviewPanelController.swift in Sources */,
				A1B2C3D4E5F60718293A4D0F /* SettingsViewController.swift in Sources */,
				A1B2C3D4E5F60718293A4D10 /* SettingsWindowController.swift in Sources */,
				A1B2C3D4E5F60718293A4D11 /* ShortcutRecorderView.swift in Sources */,
				A1B2C3D4E5F60718293A4D12 /* KeyCombo.swift in Sources */,
				A1B2C3D4E5F60718293A4D13 /* NSImage+PNG.swift in Sources */,
				A1B2C3D4E5F60718293A4D14 /* PermissionsUI.swift in Sources */,
				A1B2C3D4E5F60718293A4D60 /* EntitlementsService.swift in Sources */,
				A1B2C3D4E5F60718293A4D61 /* CapabilityService.swift in Sources */,
				A1B2C3D4E5F60718293A4D62 /* PurchaseService.swift in Sources */,
				A1B2C3D4E5F60718293A4D63 /* PaywallWindowController.swift in Sources */,
			);
			runOnlyForDeploymentPostprocessing = 0;
		};
		B1B2C3D4E5F60718293ABB00 /* Sources */ = {
			isa = PBXSourcesBuildPhase;
			buildActionMask = 2147483647;
			files = (
				B1B2C3D4E5F60718293AC020 /* VibeCapture/Tests/VibeCaptureTests/CapabilityServiceTests.swift in Sources */,
				B1B2C3D4E5F60718293AC021 /* VibeCapture/Tests/VibeCaptureTests/EntitlementsServiceTests.swift in Sources */,
				B1B2C3D4E5F60718293AC022 /* VibeCapture/Tests/VibeCaptureTests/ProStatusTests.swift in Sources */,
				B1B2C3D4E5F60718293AC023 /* VibeCapture/Tests/VibeCaptureTests/SettingsStoreTests.swift in Sources */,
				B1B2C3D4E5F60718293AC024 /* VibeCapture/Tests/VibeCaptureIntegrationTests/PurchaseFlowTests.swift in Sources */,
				B1B2C3D4E5F60718293AC025 /* VibeCapture/Tests/VibeCaptureTests/Mocks/MockCapabilityService.swift in Sources */,
				B1B2C3D4E5F60718293AC026 /* VibeCapture/Tests/VibeCaptureTests/Mocks/MockEntitlementsService.swift in Sources */,
				B1B2C3D4E5F60718293AC027 /* VibeCapture/Tests/VibeCaptureTests/Mocks/MockSettingsStore.swift in Sources */,
			);
			runOnlyForDeploymentPostprocessing = 0;
		};
		B1B2C3D4E5F60718293ABB01 /* Sources */ = {
			isa = PBXSourcesBuildPhase;
			buildActionMask = 2147483647;
			files = (
				B1B2C3D4E5F60718293AC030 /* VibeCapture/Tests/VibeCaptureUITests/PaywallUITests.swift in Sources */,
			);
			runOnlyForDeploymentPostprocessing = 0;
		};
/* End PBXSourcesBuildPhase section */

/* Begin PBXTargetDependency section */
		B1B2C3D4E5F60718293AF020 /* PBXTargetDependency */ = {
			isa = PBXTargetDependency;
			target = A1B2C3D4E5F60718293A4B70 /* VibeCap */;
			targetProxy = B1B2C3D4E5F60718293AF010 /* PBXContainerItemProxy */;
		};
		B1B2C3D4E5F60718293AF021 /* PBXTargetDependency */ = {
			isa = PBXTargetDependency;
			target = A1B2C3D4E5F60718293A4B70 /* VibeCap */;
			targetProxy = B1B2C3D4E5F60718293AF011 /* PBXContainerItemProxy */;
		};
/* End PBXTargetDependency section */

/* Begin XCBuildConfiguration section */
		A1B2C3D4E5F60718293A4B75 /* Debug */ = {
			isa = XCBuildConfiguration;
			buildSettings = {
				CLANG_ENABLE_MODULES = YES;
				CLANG_WARN_BLOCK_CAPTURE_AUTORELEASING = YES;
				CLANG_WARN_BOOL_CONVERSION = YES;
				CLANG_WARN_COMMA = YES;
				CLANG_WARN_CONSTANT_CONVERSION = YES;
				CLANG_WARN_DEPRECATED_OBJC_IMPLEMENTATIONS = YES;
				CLANG_WARN_EMPTY_BODY = YES;
				CLANG_WARN_ENUM_CONVERSION = YES;
				CLANG_WARN_INFINITE_RECURSION = YES;
				CLANG_WARN_INT_CONVERSION = YES;
				CLANG_WARN_NON_LITERAL_NULL_CONVERSION = YES;
				CLANG_WARN_OBJC_IMPLICIT_RETAIN_SELF = YES;
				CLANG_WARN_OBJC_LITERAL_CONVERSION = YES;
				CLANG_WARN_QUOTED_INCLUDE_IN_FRAMEWORK_HEADER = YES;
				CLANG_WARN_RANGE_LOOP_ANALYSIS = YES;
				CLANG_WARN_STRICT_PROTOTYPES = YES;
				CLANG_WARN_SUSPICIOUS_MOVE = YES;
				CLANG_WARN_UNREACHABLE_CODE = YES;
				CLANG_WARN__DUPLICATE_METHOD_MATCH = YES;
				CURRENT_PROJECT_VERSION = 1;
				DEAD_CODE_STRIPPING = YES;
				DEVELOPMENT_TEAM = 2257B2LRRF;
				ENABLE_STRICT_OBJC_MSGSEND = YES;
				ENABLE_TESTABILITY = YES;
				ENABLE_USER_SCRIPT_SANDBOXING = YES;
				GCC_NO_COMMON_BLOCKS = YES;
				GCC_WARN_64_TO_32_BIT_CONVERSION = YES;
				GCC_WARN_ABOUT_RETURN_TYPE = YES;
				GCC_WARN_UNDECLARED_SELECTOR = YES;
				GCC_WARN_UNINITIALIZED_AUTOS = YES;
				GCC_WARN_UNUSED_FUNCTION = YES;
				GCC_WARN_UNUSED_VARIABLE = YES;
				MARKETING_VERSION = 1.0;
				ONLY_ACTIVE_ARCH = YES;
				STRING_CATALOG_GENERATE_SYMBOLS = YES;
				SWIFT_ACTIVE_COMPILATION_CONDITIONS = DEBUG;
				SWIFT_OPTIMIZATION_LEVEL = "-Onone";
			};
			name = Debug;
		};
		A1B2C3D4E5F60718293A4B76 /* Release */ = {
			isa = XCBuildConfiguration;
			buildSettings = {
				CLANG_ENABLE_MODULES = YES;
				CLANG_WARN_BLOCK_CAPTURE_AUTORELEASING = YES;
				CLANG_WARN_BOOL_CONVERSION = YES;
				CLANG_WARN_COMMA = YES;
				CLANG_WARN_CONSTANT_CONVERSION = YES;
				CLANG_WARN_DEPRECATED_OBJC_IMPLEMENTATIONS = YES;
				CLANG_WARN_EMPTY_BODY = YES;
				CLANG_WARN_ENUM_CONVERSION = YES;
				CLANG_WARN_INFINITE_RECURSION = YES;
				CLANG_WARN_INT_CONVERSION = YES;
				CLANG_WARN_NON_LITERAL_NULL_CONVERSION = YES;
				CLANG_WARN_OBJC_IMPLICIT_RETAIN_SELF = YES;
				CLANG_WARN_OBJC_LITERAL_CONVERSION = YES;
				CLANG_WARN_QUOTED_INCLUDE_IN_FRAMEWORK_HEADER = YES;
				CLANG_WARN_RANGE_LOOP_ANALYSIS = YES;
				CLANG_WARN_STRICT_PROTOTYPES = YES;
				CLANG_WARN_SUSPICIOUS_MOVE = YES;
				CLANG_WARN_UNREACHABLE_CODE = YES;
				CLANG_WARN__DUPLICATE_METHOD_MATCH = YES;
				CURRENT_PROJECT_VERSION = 1;
				DEAD_CODE_STRIPPING = YES;
				DEVELOPMENT_TEAM = 2257B2LRRF;
				ENABLE_STRICT_OBJC_MSGSEND = YES;
				ENABLE_USER_SCRIPT_SANDBOXING = YES;
				GCC_NO_COMMON_BLOCKS = YES;
				GCC_WARN_64_TO_32_BIT_CONVERSION = YES;
				GCC_WARN_ABOUT_RETURN_TYPE = YES;
				GCC_WARN_UNDECLARED_SELECTOR = YES;
				GCC_WARN_UNINITIALIZED_AUTOS = YES;
				GCC_WARN_UNUSED_FUNCTION = YES;
				GCC_WARN_UNUSED_VARIABLE = YES;
				MARKETING_VERSION = 1.0;
				STRING_CATALOG_GENERATE_SYMBOLS = YES;
				SWIFT_COMPILATION_MODE = wholemodule;
				SWIFT_OPTIMIZATION_LEVEL = "-Owholemodule";
			};
			name = Release;
		};
		A1B2C3D4E5F60718293A4B77 /* Debug */ = {
			isa = XCBuildConfiguration;
			buildSettings = {
				CLANG_ENABLE_OBJC_WEAK = YES;
				CODE_SIGN_ENTITLEMENTS = VibeCapture/VibeCapture.entitlements;
				CODE_SIGN_STYLE = Automatic;
				CURRENT_PROJECT_VERSION = 2;
				DEAD_CODE_STRIPPING = YES;
				DEBUG_INFORMATION_FORMAT = "dwarf-with-dsym";
				ENABLE_APP_SANDBOX = YES;
				ENABLE_USER_SELECTED_FILES = readwrite;
				INFOPLIST_FILE = VibeCapture/Info.plist;
				MACOSX_DEPLOYMENT_TARGET = 13.0;
				MARKETING_VERSION = 1.0.0;
				PRODUCT_BUNDLE_IDENTIFIER = com.nanwang.vibecap;
				PRODUCT_NAME = VibeCap;
				SDKROOT = macosx;
				SWIFT_VERSION = 5.0;
			};
			name = Debug;
		};
		A1B2C3D4E5F60718293A4B78 /* Release */ = {
			isa = XCBuildConfiguration;
			buildSettings = {
				CLANG_ENABLE_OBJC_WEAK = YES;
				CODE_SIGN_ENTITLEMENTS = VibeCapture/VibeCapture.entitlements;
				CODE_SIGN_STYLE = Automatic;
				CURRENT_PROJECT_VERSION = 2;
				DEAD_CODE_STRIPPING = YES;
				DEBUG_INFORMATION_FORMAT = "dwarf-with-dsym";
				ENABLE_APP_SANDBOX = YES;
				ENABLE_USER_SELECTED_FILES = readwrite;
				INFOPLIST_FILE = VibeCapture/Info.plist;
				MACOSX_DEPLOYMENT_TARGET = 13.0;
				MARKETING_VERSION = 1.0.0;
				PRODUCT_BUNDLE_IDENTIFIER = com.nanwang.vibecap;
				PRODUCT_NAME = VibeCap;
				SDKROOT = macosx;
				SWIFT_VERSION = 5.0;
			};
			name = Release;
		};
		B1B2C3D4E5F60718293AC100 /* Debug */ = {
			isa = XCBuildConfiguration;
			buildSettings = {
				BUNDLE_LOADER = "$(TEST_HOST)";
				GENERATE_INFOPLIST_FILE = YES;
				MACOSX_DEPLOYMENT_TARGET = 13.0;
				PRODUCT_BUNDLE_IDENTIFIER = com.nanwang.vibecap.tests;
				PRODUCT_NAME = VibeCapTests;
				SDKROOT = macosx;
				SWIFT_VERSION = 5.0;
				TEST_HOST = "$(BUILT_PRODUCTS_DIR)/VibeCap.app/Contents/MacOS/VibeCap";
			};
			name = Debug;
		};
		B1B2C3D4E5F60718293AC101 /* Release */ = {
			isa = XCBuildConfiguration;
			buildSettings = {
				BUNDLE_LOADER = "$(TEST_HOST)";
				GENERATE_INFOPLIST_FILE = YES;
				MACOSX_DEPLOYMENT_TARGET = 13.0;
				PRODUCT_BUNDLE_IDENTIFIER = com.nanwang.vibecap.tests;
				PRODUCT_NAME = VibeCapTests;
				SDKROOT = macosx;
				SWIFT_VERSION = 5.0;
				TEST_HOST = "$(BUILT_PRODUCTS_DIR)/VibeCap.app/Contents/MacOS/VibeCap";
			};
			name = Release;
		};
		B1B2C3D4E5F60718293AC102 /* Debug */ = {
			isa = XCBuildConfiguration;
			buildSettings = {
				GENERATE_INFOPLIST_FILE = YES;
				MACOSX_DEPLOYMENT_TARGET = 13.0;
				PRODUCT_BUNDLE_IDENTIFIER = com.nanwang.vibecap.uitests;
				PRODUCT_NAME = VibeCapUITests;
				SDKROOT = macosx;
				SWIFT_VERSION = 5.0;
				TEST_TARGET_NAME = VibeCap;
			};
			name = Debug;
		};
		B1B2C3D4E5F60718293AC103 /* Release */ = {
			isa = XCBuildConfiguration;
			buildSettings = {
				GENERATE_INFOPLIST_FILE = YES;
				MACOSX_DEPLOYMENT_TARGET = 13.0;
				PRODUCT_BUNDLE_IDENTIFIER = com.nanwang.vibecap.uitests;
				PRODUCT_NAME = VibeCapUITests;
				SDKROOT = macosx;
				SWIFT_VERSION = 5.0;
				TEST_TARGET_NAME = VibeCap;
			};
			name = Release;
		};
/* End XCBuildConfiguration section */

/* Begin XCConfigurationList section */
		A1B2C3D4E5F60718293A4B73 /* Build configuration list for PBXProject "VibeCapture" */ = {
			isa = XCConfigurationList;
			buildConfigurations = (
				A1B2C3D4E5F60718293A4B75 /* Debug */,
				A1B2C3D4E5F60718293A4B76 /* Release */,
			);
			defaultConfigurationIsVisible = 0;
			defaultConfigurationName = Release;
		};
		A1B2C3D4E5F60718293A4B74 /* Build configuration list for PBXNativeTarget "VibeCap" */ = {
			isa = XCConfigurationList;
			buildConfigurations = (
				A1B2C3D4E5F60718293A4B77 /* Debug */,
				A1B2C3D4E5F60718293A4B78 /* Release */,
			);
			defaultConfigurationIsVisible = 0;
			defaultConfigurationName = Release;
		};
		B1B2C3D4E5F60718293AC110 /* Build configuration list for PBXNativeTarget "VibeCapTests" */ = {
			isa = XCConfigurationList;
			buildConfigurations = (
				B1B2C3D4E5F60718293AC100 /* Debug */,
				B1B2C3D4E5F60718293AC101 /* Release */,
			);
			defaultConfigurationIsVisible = 0;
			defaultConfigurationName = Release;
		};
		B1B2C3D4E5F60718293AC111 /* Build configuration list for PBXNativeTarget "VibeCapUITests" */ = {
			isa = XCConfigurationList;
			buildConfigurations = (
				B1B2C3D4E5F60718293AC102 /* Debug */,
				B1B2C3D4E5F60718293AC103 /* Release */,
			);
			defaultConfigurationIsVisible = 0;
			defaultConfigurationName = Release;
		};
/* End XCConfigurationList section */
	};
	rootObject = A1B2C3D4E5F60718293A4B5C /* Project object */;
}
